
Microsoft Visual Studio Solution File, Format Version 12.00
# Visual Studio Version 17
VisualStudioVersion = 17.5.33424.131
MinimumVisualStudioVersion = 10.0.40219.1
Project("{9A19103F-16F7-4668-BE54-9A1E7A4F7556}") = "CurriculumVitae", "peterkuda.be\CurriculumVitae.csproj", "{15AF6C62-E43D-44D6-A7B8-69F152845879}"
EndProject
Project("{9A19103F-16F7-4668-BE54-9A1E7A4F7556}") = "CurriculumVitaeData", "curriculumvitaedata\CurriculumVitaeData\CurriculumVitaeData.csproj", "{D8177FA2-31CD-4ECC-8930-050B6FA16125}"
EndProject
Global
	GlobalSection(SolutionConfigurationPlatforms) = preSolution
		Debug|Any CPU = Debug|Any CPU
		Release|Any CPU = Release|Any CPU
	EndGlobalSection
	GlobalSection(ProjectConfigurationPlatforms) = postSolution
		{15AF6C62-E43D-44D6-A7B8-69F152845879}.Debug|Any CPU.ActiveCfg = Debug|Any CPU
		{15AF6C62-E43D-44D6-A7B8-69F152845879}.Debug|Any CPU.Build.0 = Debug|Any CPU
		{15AF6C62-E43D-44D6-A7B8-69F152845879}.Release|Any CPU.ActiveCfg = Release|Any CPU
		{15AF6C62-E43D-44D6-A7B8-69F152845879}.Release|Any CPU.Build.0 = Release|Any CPU
		{D8177FA2-31CD-4ECC-8930-050B6FA16125}.Debug|Any CPU.ActiveCfg = Debug|Any CPU
		{D8177FA2-31CD-4ECC-8930-050B6FA16125}.Debug|Any CPU.Build.0 = Debug|Any CPU
		{D8177FA2-31CD-4ECC-8930-050B6FA16125}.Release|Any CPU.ActiveCfg = Release|Any CPU
		{D8177FA2-31CD-4ECC-8930-050B6FA16125}.Release|Any CPU.Build.0 = Release|Any CPU
	EndGlobalSection
	GlobalSection(SolutionProperties) = preSolution
		HideSolutionNode = FALSE
	EndGlobalSection
	GlobalSection(ExtensibilityGlobals) = postSolution
		SolutionGuid = {147211EE-D1D6-4959-B2F0-01EAD0DD02D5}
	EndGlobalSection
EndGlobal
